
Microsoft Visual Studio Solution File, Format Version 12.00
# Visual Studio Version 17
VisualStudioVersion = 17.0.31903.59
MinimumVisualStudioVersion = 10.0.40219.1
Project("{9A19103F-16F7-4668-BE54-9A1E7A4F7556}") = "CIPLATFORM", "CIPLATFORM\CIPLATFORM.csproj", "{B4946B4E-3796-47CC-A51F-5ACA392661D9}"
EndProject
Project("{9A19103F-16F7-4668-BE54-9A1E7A4F7556}") = "CI-PLATFORM.Entities", "CI-PLATFORM.Entities\CI-PLATFORM.Entities.csproj", "{7400F382-ACFF-4F38-A077-C0ECA63058F5}"
EndProject
Project("{9A19103F-16F7-4668-BE54-9A1E7A4F7556}") = "CI-PLATFORM.Repository", "CI-PLATFORM.Repository\CI-PLATFORM.Repository.csproj", "{D06EC3A3-0AE4-485D-86FB-1B65208C6A19}"
EndProject
Global
	GlobalSection(SolutionConfigurationPlatforms) = preSolution
		Debug|Any CPU = Debug|Any CPU
		Release|Any CPU = Release|Any CPU
	EndGlobalSection
	GlobalSection(ProjectConfigurationPlatforms) = postSolution
		{B4946B4E-3796-47CC-A51F-5ACA392661D9}.Debug|Any CPU.ActiveCfg = Debug|Any CPU
		{B4946B4E-3796-47CC-A51F-5ACA392661D9}.Debug|Any CPU.Build.0 = Debug|Any CPU
		{B4946B4E-3796-47CC-A51F-5ACA392661D9}.Release|Any CPU.ActiveCfg = Release|Any CPU
		{B4946B4E-3796-47CC-A51F-5ACA392661D9}.Release|Any CPU.Build.0 = Release|Any CPU
		{7400F382-ACFF-4F38-A077-C0ECA63058F5}.Debug|Any CPU.ActiveCfg = Debug|Any CPU
		{7400F382-ACFF-4F38-A077-C0ECA63058F5}.Debug|Any CPU.Build.0 = Debug|Any CPU
		{7400F382-ACFF-4F38-A077-C0ECA63058F5}.Release|Any CPU.ActiveCfg = Release|Any CPU
		{7400F382-ACFF-4F38-A077-C0ECA63058F5}.Release|Any CPU.Build.0 = Release|Any CPU
		{D06EC3A3-0AE4-485D-86FB-1B65208C6A19}.Debug|Any CPU.ActiveCfg = Debug|Any CPU
		{D06EC3A3-0AE4-485D-86FB-1B65208C6A19}.Debug|Any CPU.Build.0 = Debug|Any CPU
		{D06EC3A3-0AE4-485D-86FB-1B65208C6A19}.Release|Any CPU.ActiveCfg = Release|Any CPU
		{D06EC3A3-0AE4-485D-86FB-1B65208C6A19}.Release|Any CPU.Build.0 = Release|Any CPU
	EndGlobalSection
	GlobalSection(SolutionProperties) = preSolution
		HideSolutionNode = FALSE
	EndGlobalSection
	GlobalSection(ExtensibilityGlobals) = postSolution
		SolutionGuid = {807FB2E6-ECAA-4139-B4C3-A85C721E5DD8}
	EndGlobalSection
EndGlobal
